
Microsoft Visual Studio Solution File, Format Version 12.00
# Visual Studio Version 17
VisualStudioVersion = 17.4.33213.308
MinimumVisualStudioVersion = 10.0.40219.1
Project("{9A19103F-16F7-4668-BE54-9A1E7A4F7556}") = "GaussClub", "GaussClub\GaussClub.csproj", "{8341E0A4-5FF7-402D-8BAC-F2348E5B8B86}"
EndProject
Project("{FAE04EC0-301F-11D3-BF4B-00C04F79EFBC}") = "GaussClub.DAL", "GaussClub.DAL\GaussClub.DAL.csproj", "{6B7A269C-3A6D-480A-B566-787BBD23AC32}"
EndProject
Project("{FAE04EC0-301F-11D3-BF4B-00C04F79EFBC}") = "GaussClub.Models", "GaussClub.Models\GaussClub.Models.csproj", "{619526A0-DCE4-4D86-BE6B-268436EAA87B}"
EndProject
Project("{FAE04EC0-301F-11D3-BF4B-00C04F79EFBC}") = "GaussClub.BLL", "GaussClub.BLL\GaussClub.BLL.csproj", "{66D6E2DA-874A-4B71-8F69-A844F9E6150A}"
EndProject
Global
	GlobalSection(SolutionConfigurationPlatforms) = preSolution
		Debug|Any CPU = Debug|Any CPU
		Release|Any CPU = Release|Any CPU
	EndGlobalSection
	GlobalSection(ProjectConfigurationPlatforms) = postSolution
		{8341E0A4-5FF7-402D-8BAC-F2348E5B8B86}.Debug|Any CPU.ActiveCfg = Debug|Any CPU
		{8341E0A4-5FF7-402D-8BAC-F2348E5B8B86}.Debug|Any CPU.Build.0 = Debug|Any CPU
		{8341E0A4-5FF7-402D-8BAC-F2348E5B8B86}.Release|Any CPU.ActiveCfg = Release|Any CPU
		{8341E0A4-5FF7-402D-8BAC-F2348E5B8B86}.Release|Any CPU.Build.0 = Release|Any CPU
		{6B7A269C-3A6D-480A-B566-787BBD23AC32}.Debug|Any CPU.ActiveCfg = Debug|Any CPU
		{6B7A269C-3A6D-480A-B566-787BBD23AC32}.Debug|Any CPU.Build.0 = Debug|Any CPU
		{6B7A269C-3A6D-480A-B566-787BBD23AC32}.Release|Any CPU.ActiveCfg = Release|Any CPU
		{6B7A269C-3A6D-480A-B566-787BBD23AC32}.Release|Any CPU.Build.0 = Release|Any CPU
		{619526A0-DCE4-4D86-BE6B-268436EAA87B}.Debug|Any CPU.ActiveCfg = Debug|Any CPU
		{619526A0-DCE4-4D86-BE6B-268436EAA87B}.Debug|Any CPU.Build.0 = Debug|Any CPU
		{619526A0-DCE4-4D86-BE6B-268436EAA87B}.Release|Any CPU.ActiveCfg = Release|Any CPU
		{619526A0-DCE4-4D86-BE6B-268436EAA87B}.Release|Any CPU.Build.0 = Release|Any CPU
		{66D6E2DA-874A-4B71-8F69-A844F9E6150A}.Debug|Any CPU.ActiveCfg = Debug|Any CPU
		{66D6E2DA-874A-4B71-8F69-A844F9E6150A}.Debug|Any CPU.Build.0 = Debug|Any CPU
		{66D6E2DA-874A-4B71-8F69-A844F9E6150A}.Release|Any CPU.ActiveCfg = Release|Any CPU
		{66D6E2DA-874A-4B71-8F69-A844F9E6150A}.Release|Any CPU.Build.0 = Release|Any CPU
	EndGlobalSection
	GlobalSection(SolutionProperties) = preSolution
		HideSolutionNode = FALSE
	EndGlobalSection
	GlobalSection(ExtensibilityGlobals) = postSolution
		SolutionGuid = {353EB67A-DB19-4CD6-9EAA-4F7BB4F1A077}
	EndGlobalSection
EndGlobal
